
Microsoft Visual Studio Solution File, Format Version 12.00
# Visual Studio Version 17
VisualStudioVersion = 17.7.34024.191
MinimumVisualStudioVersion = 10.0.40219.1
Project("{FAE04EC0-301F-11D3-BF4B-00C04F79EFBC}") = "26.1_Labelling_Inventory", "26.1_Labelling_Inventory\26.1_Labelling_Inventory.csproj", "{F7BF5E7D-919A-4B08-B9A0-A2C4F50CEF11}"
EndProject
Global
	GlobalSection(SolutionConfigurationPlatforms) = preSolution
		Debug|Any CPU = Debug|Any CPU
		Release|Any CPU = Release|Any CPU
	EndGlobalSection
	GlobalSection(ProjectConfigurationPlatforms) = postSolution
		{F7BF5E7D-919A-4B08-B9A0-A2C4F50CEF11}.Debug|Any CPU.ActiveCfg = Debug|Any CPU
		{F7BF5E7D-919A-4B08-B9A0-A2C4F50CEF11}.Debug|Any CPU.Build.0 = Debug|Any CPU
		{F7BF5E7D-919A-4B08-B9A0-A2C4F50CEF11}.Release|Any CPU.ActiveCfg = Release|Any CPU
		{F7BF5E7D-919A-4B08-B9A0-A2C4F50CEF11}.Release|Any CPU.Build.0 = Release|Any CPU
	EndGlobalSection
	GlobalSection(SolutionProperties) = preSolution
		HideSolutionNode = FALSE
	EndGlobalSection
	GlobalSection(ExtensibilityGlobals) = postSolution
		SolutionGuid = {59F8E04C-0586-416B-94CE-1251041758EC}
	EndGlobalSection
EndGlobal
